
Microsoft Visual Studio Solution File, Format Version 12.00
# Visual Studio Version 16
VisualStudioVersion = 16.0.30011.22
MinimumVisualStudioVersion = 10.0.40219.1
Project("{2150E333-8FDC-42A3-9474-1A3956D46DE8}") = "Characters", "Characters", "{515CD23E-B1CB-4EB9-8449-416BC5A9DC87}"
EndProject
Project("{9A19103F-16F7-4668-BE54-9A1E7A4F7556}") = "CharacterLibrary", "Characters\Library\CharacterLibrary.csproj", "{58B7A659-BB46-4575-9B88-FAE71D0ECA58}"
EndProject
Project("{9A19103F-16F7-4668-BE54-9A1E7A4F7556}") = "CharacterGenerator", "Characters\CharacterGenerator\CharacterGenerator.csproj", "{C02F1307-EB29-4BB6-9F46-82EA4C18453E}"
EndProject
Project("{2150E333-8FDC-42A3-9474-1A3956D46DE8}") = "Data", "Data", "{E4D45FBF-7114-4E61-8BF3-79DFA15FED2B}"
EndProject
Project("{9A19103F-16F7-4668-BE54-9A1E7A4F7556}") = "APIConnector", "Data\APIConnector\APIConnector.csproj", "{A1D82D43-744C-4F64-A906-47650B69EBD3}"
EndProject
Project("{2150E333-8FDC-42A3-9474-1A3956D46DE8}") = "Web", "Web", "{44F33FD1-1B46-4DC8-B359-C339350CF9DD}"
EndProject
Project("{9A19103F-16F7-4668-BE54-9A1E7A4F7556}") = "CharacterSite", "Web\CharacterSite\CharacterSite.csproj", "{11257E43-CDCB-4FE0-8C86-2F4885E4D9E0}"
EndProject
Project("{FAE04EC0-301F-11D3-BF4B-00C04F79EFBC}") = "CharacterService", "Data\CharacterService\CharacterService.csproj", "{ED2ED10C-7B62-4557-841C-44AF9E347748}"
EndProject
Global
	GlobalSection(SolutionConfigurationPlatforms) = preSolution
		Debug|Any CPU = Debug|Any CPU
		Release|Any CPU = Release|Any CPU
	EndGlobalSection
	GlobalSection(ProjectConfigurationPlatforms) = postSolution
		{58B7A659-BB46-4575-9B88-FAE71D0ECA58}.Debug|Any CPU.ActiveCfg = Debug|Any CPU
		{58B7A659-BB46-4575-9B88-FAE71D0ECA58}.Debug|Any CPU.Build.0 = Debug|Any CPU
		{58B7A659-BB46-4575-9B88-FAE71D0ECA58}.Release|Any CPU.ActiveCfg = Release|Any CPU
		{58B7A659-BB46-4575-9B88-FAE71D0ECA58}.Release|Any CPU.Build.0 = Release|Any CPU
		{C02F1307-EB29-4BB6-9F46-82EA4C18453E}.Debug|Any CPU.ActiveCfg = Debug|Any CPU
		{C02F1307-EB29-4BB6-9F46-82EA4C18453E}.Debug|Any CPU.Build.0 = Debug|Any CPU
		{C02F1307-EB29-4BB6-9F46-82EA4C18453E}.Release|Any CPU.ActiveCfg = Release|Any CPU
		{C02F1307-EB29-4BB6-9F46-82EA4C18453E}.Release|Any CPU.Build.0 = Release|Any CPU
		{A1D82D43-744C-4F64-A906-47650B69EBD3}.Debug|Any CPU.ActiveCfg = Debug|Any CPU
		{A1D82D43-744C-4F64-A906-47650B69EBD3}.Debug|Any CPU.Build.0 = Debug|Any CPU
		{A1D82D43-744C-4F64-A906-47650B69EBD3}.Release|Any CPU.ActiveCfg = Release|Any CPU
		{A1D82D43-744C-4F64-A906-47650B69EBD3}.Release|Any CPU.Build.0 = Release|Any CPU
		{11257E43-CDCB-4FE0-8C86-2F4885E4D9E0}.Debug|Any CPU.ActiveCfg = Debug|Any CPU
		{11257E43-CDCB-4FE0-8C86-2F4885E4D9E0}.Debug|Any CPU.Build.0 = Debug|Any CPU
		{11257E43-CDCB-4FE0-8C86-2F4885E4D9E0}.Release|Any CPU.ActiveCfg = Release|Any CPU
		{11257E43-CDCB-4FE0-8C86-2F4885E4D9E0}.Release|Any CPU.Build.0 = Release|Any CPU
		{ED2ED10C-7B62-4557-841C-44AF9E347748}.Debug|Any CPU.ActiveCfg = Debug|Any CPU
		{ED2ED10C-7B62-4557-841C-44AF9E347748}.Debug|Any CPU.Build.0 = Debug|Any CPU
		{ED2ED10C-7B62-4557-841C-44AF9E347748}.Release|Any CPU.ActiveCfg = Release|Any CPU
		{ED2ED10C-7B62-4557-841C-44AF9E347748}.Release|Any CPU.Build.0 = Release|Any CPU
	EndGlobalSection
	GlobalSection(SolutionProperties) = preSolution
		HideSolutionNode = FALSE
	EndGlobalSection
	GlobalSection(NestedProjects) = preSolution
		{58B7A659-BB46-4575-9B88-FAE71D0ECA58} = {515CD23E-B1CB-4EB9-8449-416BC5A9DC87}
		{C02F1307-EB29-4BB6-9F46-82EA4C18453E} = {515CD23E-B1CB-4EB9-8449-416BC5A9DC87}
		{A1D82D43-744C-4F64-A906-47650B69EBD3} = {E4D45FBF-7114-4E61-8BF3-79DFA15FED2B}
		{11257E43-CDCB-4FE0-8C86-2F4885E4D9E0} = {44F33FD1-1B46-4DC8-B359-C339350CF9DD}
		{ED2ED10C-7B62-4557-841C-44AF9E347748} = {E4D45FBF-7114-4E61-8BF3-79DFA15FED2B}
	EndGlobalSection
	GlobalSection(ExtensibilityGlobals) = postSolution
		SolutionGuid = {D170E134-1E63-4B23-90BD-B576D285E839}
	EndGlobalSection
EndGlobal
